
Microsoft Visual Studio Solution File, Format Version 12.00
# Visual Studio Version 16
VisualStudioVersion = 16.0.33130.400
MinimumVisualStudioVersion = 10.0.40219.1
Project("{9A19103F-16F7-4668-BE54-9A1E7A4F7556}") = "DemoProject", "DemoProject\DemoProject.csproj", "{911B2008-A5FF-427D-A75F-E39907851DAD}"
EndProject
Project("{9A19103F-16F7-4668-BE54-9A1E7A4F7556}") = "DemoProject.Tests", "DemoProject.Tests\DemoProject.Tests.csproj", "{C0486D88-377A-4285-A227-E7588141B2D8}"
EndProject
Project("{00D1A9C2-B5F0-4AF3-8072-F6C62B433612}") = "Database", "Database\Database.sqlproj", "{EA4BAE8E-37C2-498E-89F2-DBE5FD5E5D06}"
EndProject
Global
	GlobalSection(SolutionConfigurationPlatforms) = preSolution
		Debug|Any CPU = Debug|Any CPU
		Release|Any CPU = Release|Any CPU
	EndGlobalSection
	GlobalSection(ProjectConfigurationPlatforms) = postSolution
		{911B2008-A5FF-427D-A75F-E39907851DAD}.Debug|Any CPU.ActiveCfg = Debug|Any CPU
		{911B2008-A5FF-427D-A75F-E39907851DAD}.Debug|Any CPU.Build.0 = Debug|Any CPU
		{911B2008-A5FF-427D-A75F-E39907851DAD}.Release|Any CPU.ActiveCfg = Release|Any CPU
		{911B2008-A5FF-427D-A75F-E39907851DAD}.Release|Any CPU.Build.0 = Release|Any CPU
		{C0486D88-377A-4285-A227-E7588141B2D8}.Debug|Any CPU.ActiveCfg = Debug|Any CPU
		{C0486D88-377A-4285-A227-E7588141B2D8}.Debug|Any CPU.Build.0 = Debug|Any CPU
		{C0486D88-377A-4285-A227-E7588141B2D8}.Release|Any CPU.ActiveCfg = Release|Any CPU
		{C0486D88-377A-4285-A227-E7588141B2D8}.Release|Any CPU.Build.0 = Release|Any CPU
		{EA4BAE8E-37C2-498E-89F2-DBE5FD5E5D06}.Debug|Any CPU.ActiveCfg = Debug|Any CPU
		{EA4BAE8E-37C2-498E-89F2-DBE5FD5E5D06}.Debug|Any CPU.Build.0 = Debug|Any CPU
		{EA4BAE8E-37C2-498E-89F2-DBE5FD5E5D06}.Debug|Any CPU.Deploy.0 = Debug|Any CPU
		{EA4BAE8E-37C2-498E-89F2-DBE5FD5E5D06}.Release|Any CPU.ActiveCfg = Release|Any CPU
		{EA4BAE8E-37C2-498E-89F2-DBE5FD5E5D06}.Release|Any CPU.Build.0 = Release|Any CPU
		{EA4BAE8E-37C2-498E-89F2-DBE5FD5E5D06}.Release|Any CPU.Deploy.0 = Release|Any CPU
	EndGlobalSection
	GlobalSection(SolutionProperties) = preSolution
		HideSolutionNode = FALSE
	EndGlobalSection
	GlobalSection(ExtensibilityGlobals) = postSolution
		SolutionGuid = {DE35B317-94D5-4AA3-9562-1597CD4E9B83}
	EndGlobalSection
EndGlobal
