
Microsoft Visual Studio Solution File, Format Version 12.00
# Visual Studio Version 17
VisualStudioVersion = 17.4.33205.214
MinimumVisualStudioVersion = 10.0.40219.1
Project("{9A19103F-16F7-4668-BE54-9A1E7A4F7556}") = "DemoProject", "DemoProject\DemoProject.csproj", "{911B2008-A5FF-427D-A75F-E39907851DAD}"
EndProject
Project("{FAE04EC0-301F-11D3-BF4B-00C04F79EFBC}") = "DemoProject.Tests", "DemoProject.Tests\DemoProject.Tests.csproj", "{C0486D88-377A-4285-A227-E7588141B2D8}"
EndProject
Global
	GlobalSection(SolutionConfigurationPlatforms) = preSolution
		Debug|Any CPU = Debug|Any CPU
		Release|Any CPU = Release|Any CPU
	EndGlobalSection
	GlobalSection(ProjectConfigurationPlatforms) = postSolution
		{911B2008-A5FF-427D-A75F-E39907851DAD}.Debug|Any CPU.ActiveCfg = Debug|Any CPU
		{911B2008-A5FF-427D-A75F-E39907851DAD}.Debug|Any CPU.Build.0 = Debug|Any CPU
		{911B2008-A5FF-427D-A75F-E39907851DAD}.Release|Any CPU.ActiveCfg = Release|Any CPU
		{911B2008-A5FF-427D-A75F-E39907851DAD}.Release|Any CPU.Build.0 = Release|Any CPU
		{C0486D88-377A-4285-A227-E7588141B2D8}.Debug|Any CPU.ActiveCfg = Debug|Any CPU
		{C0486D88-377A-4285-A227-E7588141B2D8}.Debug|Any CPU.Build.0 = Debug|Any CPU
		{C0486D88-377A-4285-A227-E7588141B2D8}.Release|Any CPU.ActiveCfg = Release|Any CPU
		{C0486D88-377A-4285-A227-E7588141B2D8}.Release|Any CPU.Build.0 = Release|Any CPU
	EndGlobalSection
	GlobalSection(SolutionProperties) = preSolution
		HideSolutionNode = FALSE
	EndGlobalSection
	GlobalSection(ExtensibilityGlobals) = postSolution
		SolutionGuid = {DE35B317-94D5-4AA3-9562-1597CD4E9B83}
	EndGlobalSection
EndGlobal
